
Microsoft Visual Studio Solution File, Format Version 12.00
# Visual Studio Version 17
VisualStudioVersion = 17.1.32328.378
MinimumVisualStudioVersion = 10.0.40219.1
Project("{FAE04EC0-301F-11D3-BF4B-00C04F79EFBC}") = "Service.Api", "Service.Api\Service.Api.csproj", "{50C678A0-956E-40D2-924B-AE90805E71C2}"
EndProject
Global
	GlobalSection(SolutionConfigurationPlatforms) = preSolution
		Debug|Any CPU = Debug|Any CPU
		Release|Any CPU = Release|Any CPU
	EndGlobalSection
	GlobalSection(ProjectConfigurationPlatforms) = postSolution
		{50C678A0-956E-40D2-924B-AE90805E71C2}.Debug|Any CPU.ActiveCfg = Debug|Any CPU
		{50C678A0-956E-40D2-924B-AE90805E71C2}.Debug|Any CPU.Build.0 = Debug|Any CPU
		{50C678A0-956E-40D2-924B-AE90805E71C2}.Release|Any CPU.ActiveCfg = Release|Any CPU
		{50C678A0-956E-40D2-924B-AE90805E71C2}.Release|Any CPU.Build.0 = Release|Any CPU
	EndGlobalSection
	GlobalSection(SolutionProperties) = preSolution
		HideSolutionNode = FALSE
	EndGlobalSection
	GlobalSection(ExtensibilityGlobals) = postSolution
		SolutionGuid = {05138A87-51C2-4755-A500-6C9E8E2C8AC9}
	EndGlobalSection
EndGlobal
